// !$*UTF8*$!
{
	archiveVersion = 1;
	classes = {
	};
	objectVersion = 48;
	objects = {

/* Begin PBXBuildFile section */
		B04596461F99D64500726A9A /* AppDelegate.m in Sources */ = {isa = PBXBuildFile; fileRef = B04596451F99D64500726A9A /* AppDelegate.m */; };
		B04596491F99D64500726A9A /* ViewController.m in Sources */ = {isa = PBXBuildFile; fileRef = B04596481F99D64500726A9A /* ViewController.m */; };
		B045964C1F99D64500726A9A /* Main.storyboard in Resources */ = {isa = PBXBuildFile; fileRef = B045964A1F99D64500726A9A /* Main.storyboard */; };
		B045964E1F99D64500726A9A /* Assets.xcassets in Resources */ = {isa = PBXBuildFile; fileRef = B045964D1F99D64500726A9A /* Assets.xcassets */; };
		B04596511F99D64500726A9A /* LaunchScreen.storyboard in Resources */ = {isa = PBXBuildFile; fileRef = B045964F1F99D64500726A9A /* LaunchScreen.storyboard */; };
		B04596541F99D64500726A9A /* main.m in Sources */ = {isa = PBXBuildFile; fileRef = B04596531F99D64500726A9A /* main.m */; };
		B045965E1F99D64500726A9A /* ASMapKitTests.m in Sources */ = {isa = PBXBuildFile; fileRef = B045965D1F99D64500726A9A /* ASMapKitTests.m */; };
		B04596691F99D64500726A9A /* ASMapKitUITests.m in Sources */ = {isa = PBXBuildFile; fileRef = B04596681F99D64500726A9A /* ASMapKitUITests.m */; };
		B04596781F99D7F100726A9A /* MapKit.framework in Frameworks */ = {isa = PBXBuildFile; fileRef = B04596771F99D7F100726A9A /* MapKit.framework */; };
		B045967B1F99F43100726A9A /* ASMapViewController.m in Sources */ = {isa = PBXBuildFile; fileRef = B045967A1F99F43100726A9A /* ASMapViewController.m */; };
		B045967E1F99F5D300726A9A /* ASAnnotation.m in Sources */ = {isa = PBXBuildFile; fileRef = B045967D1F99F5D300726A9A /* ASAnnotation.m */; };
/* End PBXBuildFile section */

/* Begin PBXContainerItemProxy section */
		B045965A1F99D64500726A9A /* PBXContainerItemProxy */ = {
			isa = PBXContainerItemProxy;
			containerPortal = B04596391F99D64500726A9A /* Project object */;
			proxyType = 1;
			remoteGlobalIDString = B04596401F99D64500726A9A;
			remoteInfo = ASMapKit;
		};
		B04596651F99D64500726A9A /* PBXContainerItemProxy */ = {
			isa = PBXContainerItemProxy;
			containerPortal = B04596391F99D64500726A9A /* Project object */;
			proxyType = 1;
			remoteGlobalIDString = B04596401F99D64500726A9A;
			remoteInfo = ASMapKit;
		};
/* End PBXContainerItemProxy section */

/* Begin PBXFileReference section */
		B04596411F99D64500726A9A /* ASMapKit.app */ = {isa = PBXFileReference; explicitFileType = wrapper.application; includeInIndex = 0; path = ASMapKit.app; sourceTree = BUILT_PRODUCTS_DIR; };
		B04596441F99D64500726A9A /* AppDelegate.h */ = {isa = PBXFileReference; lastKnownFileType = sourcecode.c.h; path = AppDelegate.h; sourceTree = "<group>"; };
		B04596451F99D64500726A9A /* AppDelegate.m */ = {isa = PBXFileReference; lastKnownFileType = sourcecode.c.objc; path = AppDelegate.m; sourceTree = "<group>"; };
		B04596471F99D64500726A9A /* ViewController.h */ = {isa = PBXFileReference; lastKnownFileType = sourcecode.c.h; path = ViewController.h; sourceTree = "<group>"; };
		B04596481F99D64500726A9A /* ViewController.m */ = {isa = PBXFileReference; lastKnownFileType = sourcecode.c.objc; path = ViewController.m; sourceTree = "<group>"; };
		B045964B1F99D64500726A9A /* Base */ = {isa = PBXFileReference; lastKnownFileType = file.storyboard; name = Base; path = Base.lproj/Main.storyboard; sourceTree = "<group>"; };
		B045964D1F99D64500726A9A /* Assets.xcassets */ = {isa = PBXFileReference; lastKnownFileType = folder.assetcatalog; path = Assets.xcassets; sourceTree = "<group>"; };
		B04596501F99D64500726A9A /* Base */ = {isa = PBXFileReference; lastKnownFileType = file.storyboard; name = Base; path = Base.lproj/LaunchScreen.storyboard; sourceTree = "<group>"; };
		B04596521F99D64500726A9A /* Info.plist */ = {isa = PBXFileReference; lastKnownFileType = text.plist.xml; path = Info.plist; sourceTree = "<group>"; };
		B04596531F99D64500726A9A /* main.m */ = {isa = PBXFileReference; lastKnownFileType = sourcecode.c.objc; path = main.m; sourceTree = "<group>"; };
		B04596591F99D64500726A9A /* ASMapKitTests.xctest */ = {isa = PBXFileReference; explicitFileType = wrapper.cfbundle; includeInIndex = 0; path = ASMapKitTests.xctest; sourceTree = BUILT_PRODUCTS_DIR; };
		B045965D1F99D64500726A9A /* ASMapKitTests.m */ = {isa = PBXFileReference; lastKnownFileType = sourcecode.c.objc; path = ASMapKitTests.m; sourceTree = "<group>"; };
		B045965F1F99D64500726A9A /* Info.plist */ = {isa = PBXFileReference; lastKnownFileType = text.plist.xml; path = Info.plist; sourceTree = "<group>"; };
		B04596641F99D64500726A9A /* ASMapKitUITests.xctest */ = {isa = PBXFileReference; explicitFileType = wrapper.cfbundle; includeInIndex = 0; path = ASMapKitUITests.xctest; sourceTree = BUILT_PRODUCTS_DIR; };
		B04596681F99D64500726A9A /* ASMapKitUITests.m */ = {isa = PBXFileReference; lastKnownFileType = sourcecode.c.objc; path = ASMapKitUITests.m; sourceTree = "<group>"; };
		B045966A1F99D64500726A9A /* Info.plist */ = {isa = PBXFileReference; lastKnownFileType = text.plist.xml; path = Info.plist; sourceTree = "<group>"; };
		B04596771F99D7F100726A9A /* MapKit.framework */ = {isa = PBXFileReference; lastKnownFileType = wrapper.framework; name = MapKit.framework; path = System/Library/Frameworks/MapKit.framework; sourceTree = SDKROOT; };
		B04596791F99F43100726A9A /* ASMapViewController.h */ = {isa = PBXFileReference; lastKnownFileType = sourcecode.c.h; path = ASMapViewController.h; sourceTree = "<group>"; };
		B045967A1F99F43100726A9A /* ASMapViewController.m */ = {isa = PBXFileReference; lastKnownFileType = sourcecode.c.objc; path = ASMapViewController.m; sourceTree = "<group>"; };
		B045967C1F99F5D300726A9A /* ASAnnotation.h */ = {isa = PBXFileReference; lastKnownFileType = sourcecode.c.h; path = ASAnnotation.h; sourceTree = "<group>"; };
		B045967D1F99F5D300726A9A /* ASAnnotation.m */ = {isa = PBXFileReference; lastKnownFileType = sourcecode.c.objc; path = ASAnnotation.m; sourceTree = "<group>"; };
/* End PBXFileReference section */

/* Begin PBXFrameworksBuildPhase section */
		B045963E1F99D64500726A9A /* Frameworks */ = {
			isa = PBXFrameworksBuildPhase;
			buildActionMask = 2147483647;
			files = (
				B04596781F99D7F100726A9A /* MapKit.framework in Frameworks */,
			);
			runOnlyForDeploymentPostprocessing = 0;
		};
		B04596561F99D64500726A9A /* Frameworks */ = {
			isa = PBXFrameworksBuildPhase;
			buildActionMask = 2147483647;
			files = (
			);
			runOnlyForDeploymentPostprocessing = 0;
		};
		B04596611F99D64500726A9A /* Frameworks */ = {
			isa = PBXFrameworksBuildPhase;
			buildActionMask = 2147483647;
			files = (
			);
			runOnlyForDeploymentPostprocessing = 0;
		};
/* End PBXFrameworksBuildPhase section */

/* Begin PBXGroup section */
		B04596381F99D64500726A9A = {
			isa = PBXGroup;
			children = (
				B04596431F99D64500726A9A /* ASMapKit */,
				B045965C1F99D64500726A9A /* ASMapKitTests */,
				B04596671F99D64500726A9A /* ASMapKitUITests */,
				B04596421F99D64500726A9A /* Products */,
				B04596761F99D7F100726A9A /* Frameworks */,
			);
			sourceTree = "<group>";
		};
		B04596421F99D64500726A9A /* Products */ = {
			isa = PBXGroup;
			children = (
				B04596411F99D64500726A9A /* ASMapKit.app */,
				B04596591F99D64500726A9A /* ASMapKitTests.xctest */,
				B04596641F99D64500726A9A /* ASMapKitUITests.xctest */,
			);
			name = Products;
			sourceTree = "<group>";
		};
		B04596431F99D64500726A9A /* ASMapKit */ = {
			isa = PBXGroup;
			children = (
				B04596441F99D64500726A9A /* AppDelegate.h */,
				B04596451F99D64500726A9A /* AppDelegate.m */,
				B04596471F99D64500726A9A /* ViewController.h */,
				B04596481F99D64500726A9A /* ViewController.m */,
				B04596791F99F43100726A9A /* ASMapViewController.h */,
				B045967A1F99F43100726A9A /* ASMapViewController.m */,
				B045967C1F99F5D300726A9A /* ASAnnotation.h */,
				B045967D1F99F5D300726A9A /* ASAnnotation.m */,
				B045964A1F99D64500726A9A /* Main.storyboard */,
				B045964D1F99D64500726A9A /* Assets.xcassets */,
				B045964F1F99D64500726A9A /* LaunchScreen.storyboard */,
				B04596521F99D64500726A9A /* Info.plist */,
				B04596531F99D64500726A9A /* main.m */,
			);
			path = ASMapKit;
			sourceTree = "<group>";
		};
		B045965C1F99D64500726A9A /* ASMapKitTests */ = {
			isa = PBXGroup;
			children = (
				B045965D1F99D64500726A9A /* ASMapKitTests.m */,
				B045965F1F99D64500726A9A /* Info.plist */,
			);
			path = ASMapKitTests;
			sourceTree = "<group>";
		};
		B04596671F99D64500726A9A /* ASMapKitUITests */ = {
			isa = PBXGroup;
			children = (
				B04596681F99D64500726A9A /* ASMapKitUITests.m */,
				B045966A1F99D64500726A9A /* Info.plist */,
			);
			path = ASMapKitUITests;
			sourceTree = "<group>";
		};
		B04596761F99D7F100726A9A /* Frameworks */ = {
			isa = PBXGroup;
			children = (
				B04596771F99D7F100726A9A /* MapKit.framework */,
			);
			name = Frameworks;
			sourceTree = "<group>";
		};
/* End PBXGroup section */

/* Begin PBXNativeTarget section */
		B04596401F99D64500726A9A /* ASMapKit */ = {
			isa = PBXNativeTarget;
			buildConfigurationList = B045966D1F99D64500726A9A /* Build configuration list for PBXNativeTarget "ASMapKit" */;
			buildPhases = (
				B045963D1F99D64500726A9A /* Sources */,
				B045963E1F99D64500726A9A /* Frameworks */,
				B045963F1F99D64500726A9A /* Resources */,
			);
			buildRules = (
			);
			dependencies = (
			);
			name = ASMapKit;
			productName = ASMapKit;
			productReference = B04596411F99D64500726A9A /* ASMapKit.app */;
			productType = "com.apple.product-type.application";
		};
		B04596581F99D64500726A9A /* ASMapKitTests */ = {
			isa = PBXNativeTarget;
			buildConfigurationList = B04596701F99D64500726A9A /* Build configuration list for PBXNativeTarget "ASMapKitTests" */;
			buildPhases = (
				B04596551F99D64500726A9A /* Sources */,
				B04596561F99D64500726A9A /* Frameworks */,
				B04596571F99D64500726A9A /* Resources */,
			);
			buildRules = (
			);
			dependencies = (
				B045965B1F99D64500726A9A /* PBXTargetDependency */,
			);
			name = ASMapKitTests;
			productName = ASMapKitTests;
			productReference = B04596591F99D64500726A9A /* ASMapKitTests.xctest */;
			productType = "com.apple.product-type.bundle.unit-test";
		};
		B04596631F99D64500726A9A /* ASMapKitUITests */ = {
			isa = PBXNativeTarget;
			buildConfigurationList = B04596731F99D64500726A9A /* Build configuration list for PBXNativeTarget "ASMapKitUITests" */;
			buildPhases = (
				B04596601F99D64500726A9A /* Sources */,
				B04596611F99D64500726A9A /* Frameworks */,
				B04596621F99D64500726A9A /* Resources */,
			);
			buildRules = (
			);
			dependencies = (
				B04596661F99D64500726A9A /* PBXTargetDependency */,
			);
			name = ASMapKitUITests;
			productName = ASMapKitUITests;
			productReference = B04596641F99D64500726A9A /* ASMapKitUITests.xctest */;
			productType = "com.apple.product-type.bundle.ui-testing";
		};
/* End PBXNativeTarget section */

/* Begin PBXProject section */
		B04596391F99D64500726A9A /* Project object */ = {
			isa = PBXProject;
			attributes = {
				LastUpgradeCheck = 0900;
				ORGANIZATIONNAME = shiyabing;
				TargetAttributes = {
					B04596401F99D64500726A9A = {
						CreatedOnToolsVersion = 9.0;
						ProvisioningStyle = Automatic;
						SystemCapabilities = {
							com.apple.Maps.iOS = {
								enabled = 1;
							};
						};
					};
					B04596581F99D64500726A9A = {
						CreatedOnToolsVersion = 9.0;
						ProvisioningStyle = Automatic;
						TestTargetID = B04596401F99D64500726A9A;
					};
					B04596631F99D64500726A9A = {
						CreatedOnToolsVersion = 9.0;
						ProvisioningStyle = Automatic;
						TestTargetID = B04596401F99D64500726A9A;
					};
				};
			};
			buildConfigurationList = B045963C1F99D64500726A9A /* Build configuration list for PBXProject "ASMapKit" */;
			compatibilityVersion = "Xcode 8.0";
			developmentRegion = en;
			hasScannedForEncodings = 0;
			knownRegions = (
				en,
				Base,
			);
			mainGroup = B04596381F99D64500726A9A;
			productRefGroup = B04596421F99D64500726A9A /* Products */;
			projectDirPath = "";
			projectRoot = "";
			targets = (
				B04596401F99D64500726A9A /* ASMapKit */,
				B04596581F99D64500726A9A /* ASMapKitTests */,
				B04596631F99D64500726A9A /* ASMapKitUITests */,
			);
		};
/* End PBXProject section */

/* Begin PBXResourcesBuildPhase section */
		B045963F1F99D64500726A9A /* Resources */ = {
			isa = PBXResourcesBuildPhase;
			buildActionMask = 2147483647;
			files = (
				B04596511F99D64500726A9A /* LaunchScreen.storyboard in Resources */,
				B045964E1F99D64500726A9A /* Assets.xcassets in Resources */,
				B045964C1F99D64500726A9A /* Main.storyboard in Resources */,
			);
			runOnlyForDeploymentPostprocessing = 0;
		};
		B04596571F99D64500726A9A /* Resources */ = {
			isa = PBXResourcesBuildPhase;
			buildActionMask = 2147483647;
			files = (
			);
			runOnlyForDeploymentPostprocessing = 0;
		};
		B04596621F99D64500726A9A /* Resources */ = {
			isa = PBXResourcesBuildPhase;
			buildActionMask = 2147483647;
			files = (
			);
			runOnlyForDeploymentPostprocessing = 0;
		};
/* End PBXResourcesBuildPhase section */

/* Begin PBXSourcesBuildPhase section */
		B045963D1F99D64500726A9A /* Sources */ = {
			isa = PBXSourcesBuildPhase;
			buildActionMask = 2147483647;
			files = (
				B04596491F99D64500726A9A /* ViewController.m in Sources */,
				B045967B1F99F43100726A9A /* ASMapViewController.m in Sources */,
				B045967E1F99F5D300726A9A /* ASAnnotation.m in Sources */,
				B04596541F99D64500726A9A /* main.m in Sources */,
				B04596461F99D64500726A9A /* AppDelegate.m in Sources */,
			);
			runOnlyForDeploymentPostprocessing = 0;
		};
		B04596551F99D64500726A9A /* Sources */ = {
			isa = PBXSourcesBuildPhase;
			buildActionMask = 2147483647;
			files = (
				B045965E1F99D64500726A9A /* ASMapKitTests.m in Sources */,
			);
			runOnlyForDeploymentPostprocessing = 0;
		};
		B04596601F99D64500726A9A /* Sources */ = {
			isa = PBXSourcesBuildPhase;
			buildActionMask = 2147483647;
			files = (
				B04596691F99D64500726A9A /* ASMapKitUITests.m in Sources */,
			);
			runOnlyForDeploymentPostprocessing = 0;
		};
/* End PBXSourcesBuildPhase section */

/* Begin PBXTargetDependency section */
		B045965B1F99D64500726A9A /* PBXTargetDependency */ = {
			isa = PBXTargetDependency;
			target = B04596401F99D64500726A9A /* ASMapKit */;
			targetProxy = B045965A1F99D64500726A9A /* PBXContainerItemProxy */;
		};
		B04596661F99D64500726A9A /* PBXTargetDependency */ = {
			isa = PBXTargetDependency;
			target = B04596401F99D64500726A9A /* ASMapKit */;
			targetProxy = B04596651F99D64500726A9A /* PBXContainerItemProxy */;
		};
/* End PBXTargetDependency section */

/* Begin PBXVariantGroup section */
		B045964A1F99D64500726A9A /* Main.storyboard */ = {
			isa = PBXVariantGroup;
			children = (
				B045964B1F99D64500726A9A /* Base */,
			);
			name = Main.storyboard;
			sourceTree = "<group>";
		};
		B045964F1F99D64500726A9A /* LaunchScreen.storyboard */ = {
			isa = PBXVariantGroup;
			children = (
				B04596501F99D64500726A9A /* Base */,
			);
			name = LaunchScreen.storyboard;
			sourceTree = "<group>";
		};
/* End PBXVariantGroup section */

/* Begin XCBuildConfiguration section */
		B045966B1F99D64500726A9A /* Debug */ = {
			isa = XCBuildConfiguration;
			buildSettings = {
				ALWAYS_SEARCH_USER_PATHS = NO;
				CLANG_ANALYZER_NONNULL = YES;
				CLANG_ANALYZER_NUMBER_OBJECT_CONVERSION = YES_AGGRESSIVE;
				CLANG_CXX_LANGUAGE_STANDARD = "gnu++14";
				CLANG_CXX_LIBRARY = "libc++";
				CLANG_ENABLE_MODULES = YES;
				CLANG_ENABLE_OBJC_ARC = YES;
				CLANG_WARN_BLOCK_CAPTURE_AUTORELEASING = YES;
				CLANG_WARN_BOOL_CONVERSION = YES;
				CLANG_WARN_COMMA = YES;
				CLANG_WARN_CONSTANT_CONVERSION = YES;
				CLANG_WARN_DIRECT_OBJC_ISA_USAGE = YES_ERROR;
				CLANG_WARN_DOCUMENTATION_COMMENTS = YES;
				CLANG_WARN_EMPTY_BODY = YES;
				CLANG_WARN_ENUM_CONVERSION = YES;
				CLANG_WARN_INFINITE_RECURSION = YES;
				CLANG_WARN_INT_CONVERSION = YES;
				CLANG_WARN_NON_LITERAL_NULL_CONVERSION = YES;
				CLANG_WARN_OBJC_LITERAL_CONVERSION = YES;
				CLANG_WARN_OBJC_ROOT_CLASS = YES_ERROR;
				CLANG_WARN_RANGE_LOOP_ANALYSIS = YES;
				CLANG_WARN_STRICT_PROTOTYPES = YES;
				CLANG_WARN_SUSPICIOUS_MOVE = YES;
				CLANG_WARN_UNGUARDED_AVAILABILITY = YES_AGGRESSIVE;
				CLANG_WARN_UNREACHABLE_CODE = YES;
				CLANG_WARN__DUPLICATE_METHOD_MATCH = YES;
				CODE_SIGN_IDENTITY = "iPhone Developer";
				COPY_PHASE_STRIP = NO;
				DEBUG_INFORMATION_FORMAT = dwarf;
				ENABLE_STRICT_OBJC_MSGSEND = YES;
				ENABLE_TESTABILITY = YES;
				GCC_C_LANGUAGE_STANDARD = gnu11;
				GCC_DYNAMIC_NO_PIC = NO;
				GCC_NO_COMMON_BLOCKS = YES;
				GCC_OPTIMIZATION_LEVEL = 0;
				GCC_PREPROCESSOR_DEFINITIONS = (
					"DEBUG=1",
					"$(inherited)",
				);
				GCC_WARN_64_TO_32_BIT_CONVERSION = YES;
				GCC_WARN_ABOUT_RETURN_TYPE = YES_ERROR;
				GCC_WARN_UNDECLARED_SELECTOR = YES;
				GCC_WARN_UNINITIALIZED_AUTOS = YES_AGGRESSIVE;
				GCC_WARN_UNUSED_FUNCTION = YES;
				GCC_WARN_UNUSED_VARIABLE = YES;
				IPHONEOS_DEPLOYMENT_TARGET = 11.0;
				MTL_ENABLE_DEBUG_INFO = YES;
				ONLY_ACTIVE_ARCH = YES;
				SDKROOT = iphoneos;
			};
			name = Debug;
		};
		B045966C1F99D64500726A9A /* Release */ = {
			isa = XCBuildConfiguration;
			buildSettings = {
				ALWAYS_SEARCH_USER_PATHS = NO;
				CLANG_ANALYZER_NONNULL = YES;
				CLANG_ANALYZER_NUMBER_OBJECT_CONVERSION = YES_AGGRESSIVE;
				CLANG_CXX_LANGUAGE_STANDARD = "gnu++14";
				CLANG_CXX_LIBRARY = "libc++";
				CLANG_ENABLE_MODULES = YES;
				CLANG_ENABLE_OBJC_ARC = YES;
				CLANG_WARN_BLOCK_CAPTURE_AUTORELEASING = YES;
				CLANG_WARN_BOOL_CONVERSION = YES;
				CLANG_WARN_COMMA = YES;
				CLANG_WARN_CONSTANT_CONVERSION = YES;
				CLANG_WARN_DIRECT_OBJC_ISA_USAGE = YES_ERROR;
				CLANG_WARN_DOCUMENTATION_COMMENTS = YES;
				CLANG_WARN_EMPTY_BODY = YES;
				CLANG_WARN_ENUM_CONVERSION = YES;
				CLANG_WARN_INFINITE_RECURSION = YES;
				CLANG_WARN_INT_CONVERSION = YES;
				CLANG_WARN_NON_LITERAL_NULL_CONVERSION = YES;
				CLANG_WARN_OBJC_LITERAL_CONVERSION = YES;
				CLANG_WARN_OBJC_ROOT_CLASS = YES_ERROR;
				CLANG_WARN_RANGE_LOOP_ANALYSIS = YES;
				CLANG_WARN_STRICT_PROTOTYPES = YES;
				CLANG_WARN_SUSPICIOUS_MOVE = YES;
				CLANG_WARN_UNGUARDED_AVAILABILITY = YES_AGGRESSIVE;
				CLANG_WARN_UNREACHABLE_CODE = YES;
				CLANG_WARN__DUPLICATE_METHOD_MATCH = YES;
				CODE_SIGN_IDENTITY = "iPhone Developer";
				COPY_PHASE_STRIP = NO;
				DEBUG_INFORMATION_FORMAT = "dwarf-with-dsym";
				ENABLE_NS_ASSERTIONS = NO;
				ENABLE_STRICT_OBJC_MSGSEND = YES;
				GCC_C_LANGUAGE_STANDARD = gnu11;
				GCC_NO_COMMON_BLOCKS = YES;
				GCC_WARN_64_TO_32_BIT_CONVERSION = YES;
				GCC_WARN_ABOUT_RETURN_TYPE = YES_ERROR;
				GCC_WARN_UNDECLARED_SELECTOR = YES;
				GCC_WARN_UNINITIALIZED_AUTOS = YES_AGGRESSIVE;
				GCC_WARN_UNUSED_FUNCTION = YES;
				GCC_WARN_UNUSED_VARIABLE = YES;
				IPHONEOS_DEPLOYMENT_TARGET = 11.0;
				MTL_ENABLE_DEBUG_INFO = NO;
				SDKROOT = iphoneos;
				VALIDATE_PRODUCT = YES;
			};
			name = Release;
		};
		B045966E1F99D64500726A9A /* Debug */ = {
			isa = XCBuildConfiguration;
			buildSettings = {
				ASSETCATALOG_COMPILER_APPICON_NAME = AppIcon;
				CODE_SIGN_STYLE = Automatic;
				DEVELOPMENT_TEAM = 35V98WX3X4;
				INFOPLIST_FILE = ASMapKit/Info.plist;
				LD_RUNPATH_SEARCH_PATHS = "$(inherited) @executable_path/Frameworks";
				PRODUCT_BUNDLE_IDENTIFIER = com.zendaiUp.XiangshangClub.ASMapKit;
				PRODUCT_NAME = "$(TARGET_NAME)";
				TARGETED_DEVICE_FAMILY = "1,2";
			};
			name = Debug;
		};
		B045966F1F99D64500726A9A /* Release */ = {
			isa = XCBuildConfiguration;
			buildSettings = {
				ASSETCATALOG_COMPILER_APPICON_NAME = AppIcon;
				CODE_SIGN_STYLE = Automatic;
				DEVELOPMENT_TEAM = 35V98WX3X4;
				INFOPLIST_FILE = ASMapKit/Info.plist;
				LD_RUNPATH_SEARCH_PATHS = "$(inherited) @executable_path/Frameworks";
				PRODUCT_BUNDLE_IDENTIFIER = com.zendaiUp.XiangshangClub.ASMapKit;
				PRODUCT_NAME = "$(TARGET_NAME)";
				TARGETED_DEVICE_FAMILY = "1,2";
			};
			name = Release;
		};
		B04596711F99D64500726A9A /* Debug */ = {
			isa = XCBuildConfiguration;
			buildSettings = {
				BUNDLE_LOADER = "$(TEST_HOST)";
				CODE_SIGN_STYLE = Automatic;
				INFOPLIST_FILE = ASMapKitTests/Info.plist;
				LD_RUNPATH_SEARCH_PATHS = "$(inherited) @executable_path/Frameworks @loader_path/Frameworks";
				PRODUCT_BUNDLE_IDENTIFIER = com.zendaiUp.XiangshangClub.ASMapKitTests;
				PRODUCT_NAME = "$(TARGET_NAME)";
				TARGETED_DEVICE_FAMILY = "1,2";
				TEST_HOST = "$(BUILT_PRODUCTS_DIR)/ASMapKit.app/ASMapKit";
			};
			name = Debug;
		};
		B04596721F99D64500726A9A /* Release */ = {
			isa = XCBuildConfiguration;
			buildSettings = {
				BUNDLE_LOADER = "$(TEST_HOST)";
				CODE_SIGN_STYLE = Automatic;
				INFOPLIST_FILE = ASMapKitTests/Info.plist;
				LD_RUNPATH_SEARCH_PATHS = "$(inherited) @executable_path/Frameworks @loader_path/Frameworks";
				PRODUCT_BUNDLE_IDENTIFIER = com.zendaiUp.XiangshangClub.ASMapKitTests;
				PRODUCT_NAME = "$(TARGET_NAME)";
				TARGETED_DEVICE_FAMILY = "1,2";
				TEST_HOST = "$(BUILT_PRODUCTS_DIR)/ASMapKit.app/ASMapKit";
			};
			name = Release;
		};
		B04596741F99D64500726A9A /* Debug */ = {
			isa = XCBuildConfiguration;
			buildSettings = {
				CODE_SIGN_STYLE = Automatic;
				INFOPLIST_FILE = ASMapKitUITests/Info.plist;
				LD_RUNPATH_SEARCH_PATHS = "$(inherited) @executable_path/Frameworks @loader_path/Frameworks";
				PRODUCT_BUNDLE_IDENTIFIER = com.zendaiUp.XiangshangClub.ASMapKitUITests;
				PRODUCT_NAME = "$(TARGET_NAME)";
				TARGETED_DEVICE_FAMILY = "1,2";
				TEST_TARGET_NAME = ASMapKit;
			};
			name = Debug;
		};
		B04596751F99D64500726A9A /* Release */ = {
			isa = XCBuildConfiguration;
			buildSettings = {
				CODE_SIGN_STYLE = Automatic;
				INFOPLIST_FILE = ASMapKitUITests/Info.plist;
				LD_RUNPATH_SEARCH_PATHS = "$(inherited) @executable_path/Frameworks @loader_path/Frameworks";
				PRODUCT_BUNDLE_IDENTIFIER = com.zendaiUp.XiangshangClub.ASMapKitUITests;
				PRODUCT_NAME = "$(TARGET_NAME)";
				TARGETED_DEVICE_FAMILY = "1,2";
				TEST_TARGET_NAME = ASMapKit;
			};
			name = Release;
		};
/* End XCBuildConfiguration section */

/* Begin XCConfigurationList section */
		B045963C1F99D64500726A9A /* Build configuration list for PBXProject "ASMapKit" */ = {
			isa = XCConfigurationList;
			buildConfigurations = (
				B045966B1F99D64500726A9A /* Debug */,
				B045966C1F99D64500726A9A /* Release */,
			);
			defaultConfigurationIsVisible = 0;
			defaultConfigurationName = Release;
		};
		B045966D1F99D64500726A9A /* Build configuration list for PBXNativeTarget "ASMapKit" */ = {
			isa = XCConfigurationList;
			buildConfigurations = (
				B045966E1F99D64500726A9A /* Debug */,
				B045966F1F99D64500726A9A /* Release */,
			);
			defaultConfigurationIsVisible = 0;
			defaultConfigurationName = Release;
		};
		B04596701F99D64500726A9A /* Build configuration list for PBXNativeTarget "ASMapKitTests" */ = {
			isa = XCConfigurationList;
			buildConfigurations = (
				B04596711F99D64500726A9A /* Debug */,
				B04596721F99D64500726A9A /* Release */,
			);
			defaultConfigurationIsVisible = 0;
			defaultConfigurationName = Release;
		};
		B04596731F99D64500726A9A /* Build configuration list for PBXNativeTarget "ASMapKitUITests" */ = {
			isa = XCConfigurationList;
			buildConfigurations = (
				B04596741F99D64500726A9A /* Debug */,
				B04596751F99D64500726A9A /* Release */,
			);
			defaultConfigurationIsVisible = 0;
			defaultConfigurationName = Release;
		};
/* End XCConfigurationList section */
	};
	rootObject = B04596391F99D64500726A9A /* Project object */;
}
